
Microsoft Visual Studio Solution File, Format Version 12.00
# Visual Studio Version 16
VisualStudioVersion = 16.0.30523.141
MinimumVisualStudioVersion = 10.0.40219.1
Project("{9A19103F-16F7-4668-BE54-9A1E7A4F7556}") = "ContosoCrafts.WebSite", "ContosoCrafts.WebSite\ContosoCrafts.WebSite.csproj", "{2BBA0074-E084-46BA-9136-D783DC15B13E}"
EndProject
Global
	GlobalSection(SolutionConfigurationPlatforms) = preSolution
		Debug|Any CPU = Debug|Any CPU
		Release|Any CPU = Release|Any CPU
	EndGlobalSection
	GlobalSection(ProjectConfigurationPlatforms) = postSolution
		{2BBA0074-E084-46BA-9136-D783DC15B13E}.Debug|Any CPU.ActiveCfg = Debug|Any CPU
		{2BBA0074-E084-46BA-9136-D783DC15B13E}.Debug|Any CPU.Build.0 = Debug|Any CPU
		{2BBA0074-E084-46BA-9136-D783DC15B13E}.Release|Any CPU.ActiveCfg = Release|Any CPU
		{2BBA0074-E084-46BA-9136-D783DC15B13E}.Release|Any CPU.Build.0 = Release|Any CPU
	EndGlobalSection
	GlobalSection(SolutionProperties) = preSolution
		HideSolutionNode = FALSE
	EndGlobalSection
	GlobalSection(ExtensibilityGlobals) = postSolution
		SolutionGuid = {9203B317-0939-490A-AFDD-D7091776BD1E}
	EndGlobalSection
EndGlobal
