
Microsoft Visual Studio Solution File, Format Version 12.00
# Visual Studio Version 16
VisualStudioVersion = 16.0.30523.141
MinimumVisualStudioVersion = 10.0.40219.1
Project("{FAE04EC0-301F-11D3-BF4B-00C04F79EFBC}") = "ContosoUniversity", "ContosoUniversity\ContosoUniversity.csproj", "{99443EF8-5CCB-4D41-8B91-5C91C777A077}"
EndProject
Global
	GlobalSection(SolutionConfigurationPlatforms) = preSolution
		Debug|Any CPU = Debug|Any CPU
		Release|Any CPU = Release|Any CPU
	EndGlobalSection
	GlobalSection(ProjectConfigurationPlatforms) = postSolution
		{99443EF8-5CCB-4D41-8B91-5C91C777A077}.Debug|Any CPU.ActiveCfg = Debug|Any CPU
		{99443EF8-5CCB-4D41-8B91-5C91C777A077}.Debug|Any CPU.Build.0 = Debug|Any CPU
		{99443EF8-5CCB-4D41-8B91-5C91C777A077}.Release|Any CPU.ActiveCfg = Release|Any CPU
		{99443EF8-5CCB-4D41-8B91-5C91C777A077}.Release|Any CPU.Build.0 = Release|Any CPU
	EndGlobalSection
	GlobalSection(SolutionProperties) = preSolution
		HideSolutionNode = FALSE
	EndGlobalSection
	GlobalSection(ExtensibilityGlobals) = postSolution
		SolutionGuid = {4E4D4AE5-BC61-4814-9106-997EAB2233BE}
	EndGlobalSection
EndGlobal
