
Microsoft Visual Studio Solution File, Format Version 12.00
# Visual Studio Version 16
VisualStudioVersion = 16.0.30517.126
MinimumVisualStudioVersion = 10.0.40219.1
Project("{FAE04EC0-301F-11D3-BF4B-00C04F79EFBC}") = "WebApplication1", "WebApplication1\WebApplication1.csproj", "{458D9BFC-2B65-4BDF-97C1-B06F1250F191}"
EndProject
Global
	GlobalSection(SolutionConfigurationPlatforms) = preSolution
		Debug|Any CPU = Debug|Any CPU
		Release|Any CPU = Release|Any CPU
	EndGlobalSection
	GlobalSection(ProjectConfigurationPlatforms) = postSolution
		{458D9BFC-2B65-4BDF-97C1-B06F1250F191}.Debug|Any CPU.ActiveCfg = Debug|Any CPU
		{458D9BFC-2B65-4BDF-97C1-B06F1250F191}.Debug|Any CPU.Build.0 = Debug|Any CPU
		{458D9BFC-2B65-4BDF-97C1-B06F1250F191}.Release|Any CPU.ActiveCfg = Release|Any CPU
		{458D9BFC-2B65-4BDF-97C1-B06F1250F191}.Release|Any CPU.Build.0 = Release|Any CPU
	EndGlobalSection
	GlobalSection(SolutionProperties) = preSolution
		HideSolutionNode = FALSE
	EndGlobalSection
	GlobalSection(ExtensibilityGlobals) = postSolution
		SolutionGuid = {5F3876AE-250E-4323-8546-EB4EF4104EF5}
	EndGlobalSection
EndGlobal
